// !$*UTF8*$!
{
	archiveVersion = 1;
	classes = {
	};
	objectVersion = 56;
	objects = {

/* Begin PBXBuildFile section */
		CF1BE93C28E9FB9B00FF6725 /* foodAppApp.swift in Sources */ = {isa = PBXBuildFile; fileRef = CF1BE93B28E9FB9B00FF6725 /* foodAppApp.swift */; };
		CF1BE93E28E9FB9B00FF6725 /* ContentView.swift in Sources */ = {isa = PBXBuildFile; fileRef = CF1BE93D28E9FB9B00FF6725 /* ContentView.swift */; };
		CF1BE94028E9FB9C00FF6725 /* Assets.xcassets in Resources */ = {isa = PBXBuildFile; fileRef = CF1BE93F28E9FB9C00FF6725 /* Assets.xcassets */; };
		CF1BE94328E9FB9C00FF6725 /* Preview Assets.xcassets in Resources */ = {isa = PBXBuildFile; fileRef = CF1BE94228E9FB9C00FF6725 /* Preview Assets.xcassets */; };
		CF1BE94528E9FB9C00FF6725 /* Persistence.swift in Sources */ = {isa = PBXBuildFile; fileRef = CF1BE94428E9FB9C00FF6725 /* Persistence.swift */; };
		CF1BE94828E9FB9C00FF6725 /* foodApp.xcdatamodeld in Sources */ = {isa = PBXBuildFile; fileRef = CF1BE94628E9FB9C00FF6725 /* foodApp.xcdatamodeld */; };
		CF1BE95228E9FB9C00FF6725 /* foodAppTests.swift in Sources */ = {isa = PBXBuildFile; fileRef = CF1BE95128E9FB9C00FF6725 /* foodAppTests.swift */; };
		CF1BE95C28E9FB9C00FF6725 /* foodAppUITests.swift in Sources */ = {isa = PBXBuildFile; fileRef = CF1BE95B28E9FB9C00FF6725 /* foodAppUITests.swift */; };
		CF1BE95E28E9FB9C00FF6725 /* foodAppUITestsLaunchTests.swift in Sources */ = {isa = PBXBuildFile; fileRef = CF1BE95D28E9FB9C00FF6725 /* foodAppUITestsLaunchTests.swift */; };
/* End PBXBuildFile section */

/* Begin PBXContainerItemProxy section */
		CF1BE94E28E9FB9C00FF6725 /* PBXContainerItemProxy */ = {
			isa = PBXContainerItemProxy;
			containerPortal = CF1BE93028E9FB9B00FF6725 /* Project object */;
			proxyType = 1;
			remoteGlobalIDString = CF1BE93728E9FB9B00FF6725;
			remoteInfo = foodApp;
		};
		CF1BE95828E9FB9C00FF6725 /* PBXContainerItemProxy */ = {
			isa = PBXContainerItemProxy;
			containerPortal = CF1BE93028E9FB9B00FF6725 /* Project object */;
			proxyType = 1;
			remoteGlobalIDString = CF1BE93728E9FB9B00FF6725;
			remoteInfo = foodApp;
		};
/* End PBXContainerItemProxy section */

/* Begin PBXFileReference section */
		CF1BE93828E9FB9B00FF6725 /* foodApp.app */ = {isa = PBXFileReference; explicitFileType = wrapper.application; includeInIndex = 0; path = foodApp.app; sourceTree = BUILT_PRODUCTS_DIR; };
		CF1BE93B28E9FB9B00FF6725 /* foodAppApp.swift */ = {isa = PBXFileReference; lastKnownFileType = sourcecode.swift; path = foodAppApp.swift; sourceTree = "<group>"; };
		CF1BE93D28E9FB9B00FF6725 /* ContentView.swift */ = {isa = PBXFileReference; lastKnownFileType = sourcecode.swift; path = ContentView.swift; sourceTree = "<group>"; };
		CF1BE93F28E9FB9C00FF6725 /* Assets.xcassets */ = {isa = PBXFileReference; lastKnownFileType = folder.assetcatalog; path = Assets.xcassets; sourceTree = "<group>"; };
		CF1BE94228E9FB9C00FF6725 /* Preview Assets.xcassets */ = {isa = PBXFileReference; lastKnownFileType = folder.assetcatalog; path = "Preview Assets.xcassets"; sourceTree = "<group>"; };
		CF1BE94428E9FB9C00FF6725 /* Persistence.swift */ = {isa = PBXFileReference; lastKnownFileType = sourcecode.swift; path = Persistence.swift; sourceTree = "<group>"; };
		CF1BE94728E9FB9C00FF6725 /* foodApp.xcdatamodel */ = {isa = PBXFileReference; lastKnownFileType = wrapper.xcdatamodel; path = foodApp.xcdatamodel; sourceTree = "<group>"; };
		CF1BE94D28E9FB9C00FF6725 /* foodAppTests.xctest */ = {isa = PBXFileReference; explicitFileType = wrapper.cfbundle; includeInIndex = 0; path = foodAppTests.xctest; sourceTree = BUILT_PRODUCTS_DIR; };
		CF1BE95128E9FB9C00FF6725 /* foodAppTests.swift */ = {isa = PBXFileReference; lastKnownFileType = sourcecode.swift; path = foodAppTests.swift; sourceTree = "<group>"; };
		CF1BE95728E9FB9C00FF6725 /* foodAppUITests.xctest */ = {isa = PBXFileReference; explicitFileType = wrapper.cfbundle; includeInIndex = 0; path = foodAppUITests.xctest; sourceTree = BUILT_PRODUCTS_DIR; };
		CF1BE95B28E9FB9C00FF6725 /* foodAppUITests.swift */ = {isa = PBXFileReference; lastKnownFileType = sourcecode.swift; path = foodAppUITests.swift; sourceTree = "<group>"; };
		CF1BE95D28E9FB9C00FF6725 /* foodAppUITestsLaunchTests.swift */ = {isa = PBXFileReference; lastKnownFileType = sourcecode.swift; path = foodAppUITestsLaunchTests.swift; sourceTree = "<group>"; };
/* End PBXFileReference section */

/* Begin PBXFrameworksBuildPhase section */
		CF1BE93528E9FB9B00FF6725 /* Frameworks */ = {
			isa = PBXFrameworksBuildPhase;
			buildActionMask = 2147483647;
			files = (
			);
			runOnlyForDeploymentPostprocessing = 0;
		};
		CF1BE94A28E9FB9C00FF6725 /* Frameworks */ = {
			isa = PBXFrameworksBuildPhase;
			buildActionMask = 2147483647;
			files = (
			);
			runOnlyForDeploymentPostprocessing = 0;
		};
		CF1BE95428E9FB9C00FF6725 /* Frameworks */ = {
			isa = PBXFrameworksBuildPhase;
			buildActionMask = 2147483647;
			files = (
			);
			runOnlyForDeploymentPostprocessing = 0;
		};
/* End PBXFrameworksBuildPhase section */

/* Begin PBXGroup section */
		CF1BE92F28E9FB9B00FF6725 = {
			isa = PBXGroup;
			children = (
				CF1BE93A28E9FB9B00FF6725 /* foodApp */,
				CF1BE95028E9FB9C00FF6725 /* foodAppTests */,
				CF1BE95A28E9FB9C00FF6725 /* foodAppUITests */,
				CF1BE93928E9FB9B00FF6725 /* Products */,
			);
			sourceTree = "<group>";
		};
		CF1BE93928E9FB9B00FF6725 /* Products */ = {
			isa = PBXGroup;
			children = (
				CF1BE93828E9FB9B00FF6725 /* foodApp.app */,
				CF1BE94D28E9FB9C00FF6725 /* foodAppTests.xctest */,
				CF1BE95728E9FB9C00FF6725 /* foodAppUITests.xctest */,
			);
			name = Products;
			sourceTree = "<group>";
		};
		CF1BE93A28E9FB9B00FF6725 /* foodApp */ = {
			isa = PBXGroup;
			children = (
				CF1BE93B28E9FB9B00FF6725 /* foodAppApp.swift */,
				CF1BE93D28E9FB9B00FF6725 /* ContentView.swift */,
				CF1BE93F28E9FB9C00FF6725 /* Assets.xcassets */,
				CF1BE94428E9FB9C00FF6725 /* Persistence.swift */,
				CF1BE94628E9FB9C00FF6725 /* foodApp.xcdatamodeld */,
				CF1BE94128E9FB9C00FF6725 /* Preview Content */,
			);
			path = foodApp;
			sourceTree = "<group>";
		};
		CF1BE94128E9FB9C00FF6725 /* Preview Content */ = {
			isa = PBXGroup;
			children = (
				CF1BE94228E9FB9C00FF6725 /* Preview Assets.xcassets */,
			);
			path = "Preview Content";
			sourceTree = "<group>";
		};
		CF1BE95028E9FB9C00FF6725 /* foodAppTests */ = {
			isa = PBXGroup;
			children = (
				CF1BE95128E9FB9C00FF6725 /* foodAppTests.swift */,
			);
			path = foodAppTests;
			sourceTree = "<group>";
		};
		CF1BE95A28E9FB9C00FF6725 /* foodAppUITests */ = {
			isa = PBXGroup;
			children = (
				CF1BE95B28E9FB9C00FF6725 /* foodAppUITests.swift */,
				CF1BE95D28E9FB9C00FF6725 /* foodAppUITestsLaunchTests.swift */,
			);
			path = foodAppUITests;
			sourceTree = "<group>";
		};
/* End PBXGroup section */

/* Begin PBXNativeTarget section */
		CF1BE93728E9FB9B00FF6725 /* foodApp */ = {
			isa = PBXNativeTarget;
			buildConfigurationList = CF1BE96128E9FB9C00FF6725 /* Build configuration list for PBXNativeTarget "foodApp" */;
			buildPhases = (
				CF1BE93428E9FB9B00FF6725 /* Sources */,
				CF1BE93528E9FB9B00FF6725 /* Frameworks */,
				CF1BE93628E9FB9B00FF6725 /* Resources */,
			);
			buildRules = (
			);
			dependencies = (
			);
			name = foodApp;
			productName = foodApp;
			productReference = CF1BE93828E9FB9B00FF6725 /* foodApp.app */;
			productType = "com.apple.product-type.application";
		};
		CF1BE94C28E9FB9C00FF6725 /* foodAppTests */ = {
			isa = PBXNativeTarget;
			buildConfigurationList = CF1BE96428E9FB9C00FF6725 /* Build configuration list for PBXNativeTarget "foodAppTests" */;
			buildPhases = (
				CF1BE94928E9FB9C00FF6725 /* Sources */,
				CF1BE94A28E9FB9C00FF6725 /* Frameworks */,
				CF1BE94B28E9FB9C00FF6725 /* Resources */,
			);
			buildRules = (
			);
			dependencies = (
				CF1BE94F28E9FB9C00FF6725 /* PBXTargetDependency */,
			);
			name = foodAppTests;
			productName = foodAppTests;
			productReference = CF1BE94D28E9FB9C00FF6725 /* foodAppTests.xctest */;
			productType = "com.apple.product-type.bundle.unit-test";
		};
		CF1BE95628E9FB9C00FF6725 /* foodAppUITests */ = {
			isa = PBXNativeTarget;
			buildConfigurationList = CF1BE96728E9FB9C00FF6725 /* Build configuration list for PBXNativeTarget "foodAppUITests" */;
			buildPhases = (
				CF1BE95328E9FB9C00FF6725 /* Sources */,
				CF1BE95428E9FB9C00FF6725 /* Frameworks */,
				CF1BE95528E9FB9C00FF6725 /* Resources */,
			);
			buildRules = (
			);
			dependencies = (
				CF1BE95928E9FB9C00FF6725 /* PBXTargetDependency */,
			);
			name = foodAppUITests;
			productName = foodAppUITests;
			productReference = CF1BE95728E9FB9C00FF6725 /* foodAppUITests.xctest */;
			productType = "com.apple.product-type.bundle.ui-testing";
		};
/* End PBXNativeTarget section */

/* Begin PBXProject section */
		CF1BE93028E9FB9B00FF6725 /* Project object */ = {
			isa = PBXProject;
			attributes = {
				BuildIndependentTargetsInParallel = 1;
				LastSwiftUpdateCheck = 1400;
				LastUpgradeCheck = 1400;
				TargetAttributes = {
					CF1BE93728E9FB9B00FF6725 = {
						CreatedOnToolsVersion = 14.0.1;
					};
					CF1BE94C28E9FB9C00FF6725 = {
						CreatedOnToolsVersion = 14.0.1;
						TestTargetID = CF1BE93728E9FB9B00FF6725;
					};
					CF1BE95628E9FB9C00FF6725 = {
						CreatedOnToolsVersion = 14.0.1;
						TestTargetID = CF1BE93728E9FB9B00FF6725;
					};
				};
			};
			buildConfigurationList = CF1BE93328E9FB9B00FF6725 /* Build configuration list for PBXProject "foodApp" */;
			compatibilityVersion = "Xcode 14.0";
			developmentRegion = en;
			hasScannedForEncodings = 0;
			knownRegions = (
				en,
				Base,
			);
			mainGroup = CF1BE92F28E9FB9B00FF6725;
			productRefGroup = CF1BE93928E9FB9B00FF6725 /* Products */;
			projectDirPath = "";
			projectRoot = "";
			targets = (
				CF1BE93728E9FB9B00FF6725 /* foodApp */,
				CF1BE94C28E9FB9C00FF6725 /* foodAppTests */,
				CF1BE95628E9FB9C00FF6725 /* foodAppUITests */,
			);
		};
/* End PBXProject section */

/* Begin PBXResourcesBuildPhase section */
		CF1BE93628E9FB9B00FF6725 /* Resources */ = {
			isa = PBXResourcesBuildPhase;
			buildActionMask = 2147483647;
			files = (
				CF1BE94328E9FB9C00FF6725 /* Preview Assets.xcassets in Resources */,
				CF1BE94028E9FB9C00FF6725 /* Assets.xcassets in Resources */,
			);
			runOnlyForDeploymentPostprocessing = 0;
		};
		CF1BE94B28E9FB9C00FF6725 /* Resources */ = {
			isa = PBXResourcesBuildPhase;
			buildActionMask = 2147483647;
			files = (
			);
			runOnlyForDeploymentPostprocessing = 0;
		};
		CF1BE95528E9FB9C00FF6725 /* Resources */ = {
			isa = PBXResourcesBuildPhase;
			buildActionMask = 2147483647;
			files = (
			);
			runOnlyForDeploymentPostprocessing = 0;
		};
/* End PBXResourcesBuildPhase section */

/* Begin PBXSourcesBuildPhase section */
		CF1BE93428E9FB9B00FF6725 /* Sources */ = {
			isa = PBXSourcesBuildPhase;
			buildActionMask = 2147483647;
			files = (
				CF1BE94528E9FB9C00FF6725 /* Persistence.swift in Sources */,
				CF1BE94828E9FB9C00FF6725 /* foodApp.xcdatamodeld in Sources */,
				CF1BE93E28E9FB9B00FF6725 /* ContentView.swift in Sources */,
				CF1BE93C28E9FB9B00FF6725 /* foodAppApp.swift in Sources */,
			);
			runOnlyForDeploymentPostprocessing = 0;
		};
		CF1BE94928E9FB9C00FF6725 /* Sources */ = {
			isa = PBXSourcesBuildPhase;
			buildActionMask = 2147483647;
			files = (
				CF1BE95228E9FB9C00FF6725 /* foodAppTests.swift in Sources */,
			);
			runOnlyForDeploymentPostprocessing = 0;
		};
		CF1BE95328E9FB9C00FF6725 /* Sources */ = {
			isa = PBXSourcesBuildPhase;
			buildActionMask = 2147483647;
			files = (
				CF1BE95E28E9FB9C00FF6725 /* foodAppUITestsLaunchTests.swift in Sources */,
				CF1BE95C28E9FB9C00FF6725 /* foodAppUITests.swift in Sources */,
			);
			runOnlyForDeploymentPostprocessing = 0;
		};
/* End PBXSourcesBuildPhase section */

/* Begin PBXTargetDependency section */
		CF1BE94F28E9FB9C00FF6725 /* PBXTargetDependency */ = {
			isa = PBXTargetDependency;
			target = CF1BE93728E9FB9B00FF6725 /* foodApp */;
			targetProxy = CF1BE94E28E9FB9C00FF6725 /* PBXContainerItemProxy */;
		};
		CF1BE95928E9FB9C00FF6725 /* PBXTargetDependency */ = {
			isa = PBXTargetDependency;
			target = CF1BE93728E9FB9B00FF6725 /* foodApp */;
			targetProxy = CF1BE95828E9FB9C00FF6725 /* PBXContainerItemProxy */;
		};
/* End PBXTargetDependency section */

/* Begin XCBuildConfiguration section */
		CF1BE95F28E9FB9C00FF6725 /* Debug */ = {
			isa = XCBuildConfiguration;
			buildSettings = {
				ALWAYS_SEARCH_USER_PATHS = NO;
				CLANG_ANALYZER_NONNULL = YES;
				CLANG_ANALYZER_NUMBER_OBJECT_CONVERSION = YES_AGGRESSIVE;
				CLANG_CXX_LANGUAGE_STANDARD = "gnu++20";
				CLANG_ENABLE_MODULES = YES;
				CLANG_ENABLE_OBJC_ARC = YES;
				CLANG_ENABLE_OBJC_WEAK = YES;
				CLANG_WARN_BLOCK_CAPTURE_AUTORELEASING = YES;
				CLANG_WARN_BOOL_CONVERSION = YES;
				CLANG_WARN_COMMA = YES;
				CLANG_WARN_CONSTANT_CONVERSION = YES;
				CLANG_WARN_DEPRECATED_OBJC_IMPLEMENTATIONS = YES;
				CLANG_WARN_DIRECT_OBJC_ISA_USAGE = YES_ERROR;
				CLANG_WARN_DOCUMENTATION_COMMENTS = YES;
				CLANG_WARN_EMPTY_BODY = YES;
				CLANG_WARN_ENUM_CONVERSION = YES;
				CLANG_WARN_INFINITE_RECURSION = YES;
				CLANG_WARN_INT_CONVERSION = YES;
				CLANG_WARN_NON_LITERAL_NULL_CONVERSION = YES;
				CLANG_WARN_OBJC_IMPLICIT_RETAIN_SELF = YES;
				CLANG_WARN_OBJC_LITERAL_CONVERSION = YES;
				CLANG_WARN_OBJC_ROOT_CLASS = YES_ERROR;
				CLANG_WARN_QUOTED_INCLUDE_IN_FRAMEWORK_HEADER = YES;
				CLANG_WARN_RANGE_LOOP_ANALYSIS = YES;
				CLANG_WARN_STRICT_PROTOTYPES = YES;
				CLANG_WARN_SUSPICIOUS_MOVE = YES;
				CLANG_WARN_UNGUARDED_AVAILABILITY = YES_AGGRESSIVE;
				CLANG_WARN_UNREACHABLE_CODE = YES;
				CLANG_WARN__DUPLICATE_METHOD_MATCH = YES;
				COPY_PHASE_STRIP = NO;
				DEBUG_INFORMATION_FORMAT = dwarf;
				ENABLE_STRICT_OBJC_MSGSEND = YES;
				ENABLE_TESTABILITY = YES;
				GCC_C_LANGUAGE_STANDARD = gnu11;
				GCC_DYNAMIC_NO_PIC = NO;
				GCC_NO_COMMON_BLOCKS = YES;
				GCC_OPTIMIZATION_LEVEL = 0;
				GCC_PREPROCESSOR_DEFINITIONS = (
					"DEBUG=1",
					"$(inherited)",
				);
				GCC_WARN_64_TO_32_BIT_CONVERSION = YES;
				GCC_WARN_ABOUT_RETURN_TYPE = YES_ERROR;
				GCC_WARN_UNDECLARED_SELECTOR = YES;
				GCC_WARN_UNINITIALIZED_AUTOS = YES_AGGRESSIVE;
				GCC_WARN_UNUSED_FUNCTION = YES;
				GCC_WARN_UNUSED_VARIABLE = YES;
				IPHONEOS_DEPLOYMENT_TARGET = 16.0;
				MTL_ENABLE_DEBUG_INFO = INCLUDE_SOURCE;
				MTL_FAST_MATH = YES;
				ONLY_ACTIVE_ARCH = YES;
				SDKROOT = iphoneos;
				SWIFT_ACTIVE_COMPILATION_CONDITIONS = DEBUG;
				SWIFT_OPTIMIZATION_LEVEL = "-Onone";
			};
			name = Debug;
		};
		CF1BE96028E9FB9C00FF6725 /* Release */ = {
			isa = XCBuildConfiguration;
			buildSettings = {
				ALWAYS_SEARCH_USER_PATHS = NO;
				CLANG_ANALYZER_NONNULL = YES;
				CLANG_ANALYZER_NUMBER_OBJECT_CONVERSION = YES_AGGRESSIVE;
				CLANG_CXX_LANGUAGE_STANDARD = "gnu++20";
				CLANG_ENABLE_MODULES = YES;
				CLANG_ENABLE_OBJC_ARC = YES;
				CLANG_ENABLE_OBJC_WEAK = YES;
				CLANG_WARN_BLOCK_CAPTURE_AUTORELEASING = YES;
				CLANG_WARN_BOOL_CONVERSION = YES;
				CLANG_WARN_COMMA = YES;
				CLANG_WARN_CONSTANT_CONVERSION = YES;
				CLANG_WARN_DEPRECATED_OBJC_IMPLEMENTATIONS = YES;
				CLANG_WARN_DIRECT_OBJC_ISA_USAGE = YES_ERROR;
				CLANG_WARN_DOCUMENTATION_COMMENTS = YES;
				CLANG_WARN_EMPTY_BODY = YES;
				CLANG_WARN_ENUM_CONVERSION = YES;
				CLANG_WARN_INFINITE_RECURSION = YES;
				CLANG_WARN_INT_CONVERSION = YES;
				CLANG_WARN_NON_LITERAL_NULL_CONVERSION = YES;
				CLANG_WARN_OBJC_IMPLICIT_RETAIN_SELF = YES;
				CLANG_WARN_OBJC_LITERAL_CONVERSION = YES;
				CLANG_WARN_OBJC_ROOT_CLASS = YES_ERROR;
				CLANG_WARN_QUOTED_INCLUDE_IN_FRAMEWORK_HEADER = YES;
				CLANG_WARN_RANGE_LOOP_ANALYSIS = YES;
				CLANG_WARN_STRICT_PROTOTYPES = YES;
				CLANG_WARN_SUSPICIOUS_MOVE = YES;
				CLANG_WARN_UNGUARDED_AVAILABILITY = YES_AGGRESSIVE;
				CLANG_WARN_UNREACHABLE_CODE = YES;
				CLANG_WARN__DUPLICATE_METHOD_MATCH = YES;
				COPY_PHASE_STRIP = NO;
				DEBUG_INFORMATION_FORMAT = "dwarf-with-dsym";
				ENABLE_NS_ASSERTIONS = NO;
				ENABLE_STRICT_OBJC_MSGSEND = YES;
				GCC_C_LANGUAGE_STANDARD = gnu11;
				GCC_NO_COMMON_BLOCKS = YES;
				GCC_WARN_64_TO_32_BIT_CONVERSION = YES;
				GCC_WARN_ABOUT_RETURN_TYPE = YES_ERROR;
				GCC_WARN_UNDECLARED_SELECTOR = YES;
				GCC_WARN_UNINITIALIZED_AUTOS = YES_AGGRESSIVE;
				GCC_WARN_UNUSED_FUNCTION = YES;
				GCC_WARN_UNUSED_VARIABLE = YES;
				IPHONEOS_DEPLOYMENT_TARGET = 16.0;
				MTL_ENABLE_DEBUG_INFO = NO;
				MTL_FAST_MATH = YES;
				SDKROOT = iphoneos;
				SWIFT_COMPILATION_MODE = wholemodule;
				SWIFT_OPTIMIZATION_LEVEL = "-O";
				VALIDATE_PRODUCT = YES;
			};
			name = Release;
		};
		CF1BE96228E9FB9C00FF6725 /* Debug */ = {
			isa = XCBuildConfiguration;
			buildSettings = {
				ASSETCATALOG_COMPILER_APPICON_NAME = AppIcon;
				ASSETCATALOG_COMPILER_GLOBAL_ACCENT_COLOR_NAME = AccentColor;
				CODE_SIGN_STYLE = Automatic;
				CURRENT_PROJECT_VERSION = 1;
				DEVELOPMENT_ASSET_PATHS = "\"foodApp/Preview Content\"";
				DEVELOPMENT_TEAM = GR52CMF395;
				ENABLE_PREVIEWS = YES;
				GENERATE_INFOPLIST_FILE = YES;
				INFOPLIST_KEY_UIApplicationSceneManifest_Generation = YES;
				INFOPLIST_KEY_UIApplicationSupportsIndirectInputEvents = YES;
				INFOPLIST_KEY_UILaunchScreen_Generation = YES;
				INFOPLIST_KEY_UISupportedInterfaceOrientations_iPad = "UIInterfaceOrientationPortrait UIInterfaceOrientationPortraitUpsideDown UIInterfaceOrientationLandscapeLeft UIInterfaceOrientationLandscapeRight";
				INFOPLIST_KEY_UISupportedInterfaceOrientations_iPhone = "UIInterfaceOrientationPortrait UIInterfaceOrientationLandscapeLeft UIInterfaceOrientationLandscapeRight";
				LD_RUNPATH_SEARCH_PATHS = (
					"$(inherited)",
					"@executable_path/Frameworks",
				);
				MARKETING_VERSION = 1.0;
				PRODUCT_BUNDLE_IDENTIFIER = oasis.foodApp;
				PRODUCT_NAME = "$(TARGET_NAME)";
				SWIFT_EMIT_LOC_STRINGS = YES;
				SWIFT_VERSION = 5.0;
				TARGETED_DEVICE_FAMILY = "1,2";
			};
			name = Debug;
		};
		CF1BE96328E9FB9C00FF6725 /* Release */ = {
			isa = XCBuildConfiguration;
			buildSettings = {
				ASSETCATALOG_COMPILER_APPICON_NAME = AppIcon;
				ASSETCATALOG_COMPILER_GLOBAL_ACCENT_COLOR_NAME = AccentColor;
				CODE_SIGN_STYLE = Automatic;
				CURRENT_PROJECT_VERSION = 1;
				DEVELOPMENT_ASSET_PATHS = "\"foodApp/Preview Content\"";
				DEVELOPMENT_TEAM = GR52CMF395;
				ENABLE_PREVIEWS = YES;
				GENERATE_INFOPLIST_FILE = YES;
				INFOPLIST_KEY_UIApplicationSceneManifest_Generation = YES;
				INFOPLIST_KEY_UIApplicationSupportsIndirectInputEvents = YES;
				INFOPLIST_KEY_UILaunchScreen_Generation = YES;
				INFOPLIST_KEY_UISupportedInterfaceOrientations_iPad = "UIInterfaceOrientationPortrait UIInterfaceOrientationPortraitUpsideDown UIInterfaceOrientationLandscapeLeft UIInterfaceOrientationLandscapeRight";
				INFOPLIST_KEY_UISupportedInterfaceOrientations_iPhone = "UIInterfaceOrientationPortrait UIInterfaceOrientationLandscapeLeft UIInterfaceOrientationLandscapeRight";
				LD_RUNPATH_SEARCH_PATHS = (
					"$(inherited)",
					"@executable_path/Frameworks",
				);
				MARKETING_VERSION = 1.0;
				PRODUCT_BUNDLE_IDENTIFIER = oasis.foodApp;
				PRODUCT_NAME = "$(TARGET_NAME)";
				SWIFT_EMIT_LOC_STRINGS = YES;
				SWIFT_VERSION = 5.0;
				TARGETED_DEVICE_FAMILY = "1,2";
			};
			name = Release;
		};
		CF1BE96528E9FB9C00FF6725 /* Debug */ = {
			isa = XCBuildConfiguration;
			buildSettings = {
				ALWAYS_EMBED_SWIFT_STANDARD_LIBRARIES = YES;
				BUNDLE_LOADER = "$(TEST_HOST)";
				CODE_SIGN_STYLE = Automatic;
				CURRENT_PROJECT_VERSION = 1;
				DEVELOPMENT_TEAM = GR52CMF395;
				GENERATE_INFOPLIST_FILE = YES;
				IPHONEOS_DEPLOYMENT_TARGET = 16.0;
				MARKETING_VERSION = 1.0;
				PRODUCT_BUNDLE_IDENTIFIER = oasis.foodAppTests;
				PRODUCT_NAME = "$(TARGET_NAME)";
				SWIFT_EMIT_LOC_STRINGS = NO;
				SWIFT_VERSION = 5.0;
				TARGETED_DEVICE_FAMILY = "1,2";
				TEST_HOST = "$(BUILT_PRODUCTS_DIR)/foodApp.app/$(BUNDLE_EXECUTABLE_FOLDER_PATH)/foodApp";
			};
			name = Debug;
		};
		CF1BE96628E9FB9C00FF6725 /* Release */ = {
			isa = XCBuildConfiguration;
			buildSettings = {
				ALWAYS_EMBED_SWIFT_STANDARD_LIBRARIES = YES;
				BUNDLE_LOADER = "$(TEST_HOST)";
				CODE_SIGN_STYLE = Automatic;
				CURRENT_PROJECT_VERSION = 1;
				DEVELOPMENT_TEAM = GR52CMF395;
				GENERATE_INFOPLIST_FILE = YES;
				IPHONEOS_DEPLOYMENT_TARGET = 16.0;
				MARKETING_VERSION = 1.0;
				PRODUCT_BUNDLE_IDENTIFIER = oasis.foodAppTests;
				PRODUCT_NAME = "$(TARGET_NAME)";
				SWIFT_EMIT_LOC_STRINGS = NO;
				SWIFT_VERSION = 5.0;
				TARGETED_DEVICE_FAMILY = "1,2";
				TEST_HOST = "$(BUILT_PRODUCTS_DIR)/foodApp.app/$(BUNDLE_EXECUTABLE_FOLDER_PATH)/foodApp";
			};
			name = Release;
		};
		CF1BE96828E9FB9C00FF6725 /* Debug */ = {
			isa = XCBuildConfiguration;
			buildSettings = {
				ALWAYS_EMBED_SWIFT_STANDARD_LIBRARIES = YES;
				CODE_SIGN_STYLE = Automatic;
				CURRENT_PROJECT_VERSION = 1;
				DEVELOPMENT_TEAM = GR52CMF395;
				GENERATE_INFOPLIST_FILE = YES;
				MARKETING_VERSION = 1.0;
				PRODUCT_BUNDLE_IDENTIFIER = oasis.foodAppUITests;
				PRODUCT_NAME = "$(TARGET_NAME)";
				SWIFT_EMIT_LOC_STRINGS = NO;
				SWIFT_VERSION = 5.0;
				TARGETED_DEVICE_FAMILY = "1,2";
				TEST_TARGET_NAME = foodApp;
			};
			name = Debug;
		};
		CF1BE96928E9FB9C00FF6725 /* Release */ = {
			isa = XCBuildConfiguration;
			buildSettings = {
				ALWAYS_EMBED_SWIFT_STANDARD_LIBRARIES = YES;
				CODE_SIGN_STYLE = Automatic;
				CURRENT_PROJECT_VERSION = 1;
				DEVELOPMENT_TEAM = GR52CMF395;
				GENERATE_INFOPLIST_FILE = YES;
				MARKETING_VERSION = 1.0;
				PRODUCT_BUNDLE_IDENTIFIER = oasis.foodAppUITests;
				PRODUCT_NAME = "$(TARGET_NAME)";
				SWIFT_EMIT_LOC_STRINGS = NO;
				SWIFT_VERSION = 5.0;
				TARGETED_DEVICE_FAMILY = "1,2";
				TEST_TARGET_NAME = foodApp;
			};
			name = Release;
		};
/* End XCBuildConfiguration section */

/* Begin XCConfigurationList section */
		CF1BE93328E9FB9B00FF6725 /* Build configuration list for PBXProject "foodApp" */ = {
			isa = XCConfigurationList;
			buildConfigurations = (
				CF1BE95F28E9FB9C00FF6725 /* Debug */,
				CF1BE96028E9FB9C00FF6725 /* Release */,
			);
			defaultConfigurationIsVisible = 0;
			defaultConfigurationName = Release;
		};
		CF1BE96128E9FB9C00FF6725 /* Build configuration list for PBXNativeTarget "foodApp" */ = {
			isa = XCConfigurationList;
			buildConfigurations = (
				CF1BE96228E9FB9C00FF6725 /* Debug */,
				CF1BE96328E9FB9C00FF6725 /* Release */,
			);
			defaultConfigurationIsVisible = 0;
			defaultConfigurationName = Release;
		};
		CF1BE96428E9FB9C00FF6725 /* Build configuration list for PBXNativeTarget "foodAppTests" */ = {
			isa = XCConfigurationList;
			buildConfigurations = (
				CF1BE96528E9FB9C00FF6725 /* Debug */,
				CF1BE96628E9FB9C00FF6725 /* Release */,
			);
			defaultConfigurationIsVisible = 0;
			defaultConfigurationName = Release;
		};
		CF1BE96728E9FB9C00FF6725 /* Build configuration list for PBXNativeTarget "foodAppUITests" */ = {
			isa = XCConfigurationList;
			buildConfigurations = (
				CF1BE96828E9FB9C00FF6725 /* Debug */,
				CF1BE96928E9FB9C00FF6725 /* Release */,
			);
			defaultConfigurationIsVisible = 0;
			defaultConfigurationName = Release;
		};
/* End XCConfigurationList section */

/* Begin XCVersionGroup section */
		CF1BE94628E9FB9C00FF6725 /* foodApp.xcdatamodeld */ = {
			isa = XCVersionGroup;
			children = (
				CF1BE94728E9FB9C00FF6725 /* foodApp.xcdatamodel */,
			);
			currentVersion = CF1BE94728E9FB9C00FF6725 /* foodApp.xcdatamodel */;
			path = foodApp.xcdatamodeld;
			sourceTree = "<group>";
			versionGroupType = wrapper.xcdatamodel;
		};
/* End XCVersionGroup section */
	};
	rootObject = CF1BE93028E9FB9B00FF6725 /* Project object */;
}
